
Microsoft Visual Studio Solution File, Format Version 12.00
# Visual Studio Version 17
VisualStudioVersion = 17.11.35312.102
MinimumVisualStudioVersion = 10.0.40219.1
Project("{8BC9CEB8-8B4A-11D0-8D11-00A0C91BC942}") = "Deli_Scale_Pre_Slice", "Deli_Scale_Pre_Slice\Deli_Scale_Pre_Slice.vcxproj", "{265015CE-EF19-4DE1-AE0D-A92A285E237C}"
EndProject
Global
	GlobalSection(SolutionConfigurationPlatforms) = preSolution
		Debug|x64 = Debug|x64
		Debug|x86 = Debug|x86
		Release|x64 = Release|x64
		Release|x86 = Release|x86
	EndGlobalSection
	GlobalSection(ProjectConfigurationPlatforms) = postSolution
		{265015CE-EF19-4DE1-AE0D-A92A285E237C}.Debug|x64.ActiveCfg = Debug|x64
		{265015CE-EF19-4DE1-AE0D-A92A285E237C}.Debug|x64.Build.0 = Debug|x64
		{265015CE-EF19-4DE1-AE0D-A92A285E237C}.Debug|x86.ActiveCfg = Debug|Win32
		{265015CE-EF19-4DE1-AE0D-A92A285E237C}.Debug|x86.Build.0 = Debug|Win32
		{265015CE-EF19-4DE1-AE0D-A92A285E237C}.Release|x64.ActiveCfg = Release|x64
		{265015CE-EF19-4DE1-AE0D-A92A285E237C}.Release|x64.Build.0 = Release|x64
		{265015CE-EF19-4DE1-AE0D-A92A285E237C}.Release|x86.ActiveCfg = Release|Win32
		{265015CE-EF19-4DE1-AE0D-A92A285E237C}.Release|x86.Build.0 = Release|Win32
	EndGlobalSection
	GlobalSection(SolutionProperties) = preSolution
		HideSolutionNode = FALSE
	EndGlobalSection
	GlobalSection(ExtensibilityGlobals) = postSolution
		SolutionGuid = {065E2CF8-9787-4A66-AA8B-26034ECE578D}
	EndGlobalSection
EndGlobal
